<?xml version="1.0" encoding="utf-8"?>
<Project ToolsVersion="4.0" xmlns="http://schemas.microsoft.com/developer/msbuild/2003">
  <ItemGroup>
    <Filter Include="base">
      <UniqueIdentifier>{2da6b13b-208a-4978-bed3-dbb697f50591}</UniqueIdentifier>
    </Filter>
    <Filter Include="gfx">
      <UniqueIdentifier>{03d37525-2fed-43e7-8ed2-b1003eea443e}</UniqueIdentifier>
    </Filter>
    <Filter Include="gfx\private">
      <UniqueIdentifier>{28dc38f7-12fd-4c91-bd48-b731c56d65d5}</UniqueIdentifier>
    </Filter>
  </ItemGroup>
  <ItemGroup>
    <ClCompile Include="src\base\dllmain.cpp">
      <Filter>base</Filter>
    </ClCompile>
    <ClCompile Include="src\base\schnarzmaschine.cpp">
      <Filter>base</Filter>
    </ClCompile>
    <ClCompile Include="src\gfx\render_context.cpp">
      <Filter>gfx</Filter>
    </ClCompile>
    <ClCompile Include="src\gfx\app.cpp">
      <Filter>gfx</Filter>
    </ClCompile>
  </ItemGroup>
  <ItemGroup>
    <ClInclude Include="src\base\targetver.h">
      <Filter>base</Filter>
    </ClInclude>
    <ClInclude Include="include\sm\schnarzmaschine.h">
      <Filter>base</Filter>
    </ClInclude>
    <ClInclude Include="include\sm\api.h">
      <Filter>base</Filter>
    </ClInclude>
    <ClInclude Include="include\sm\functional.hpp">
      <Filter>base</Filter>
    </ClInclude>
    <ClInclude Include="include\sm\gfx\render_context.h">
      <Filter>gfx</Filter>
    </ClInclude>
    <ClInclude Include="include\sm\gfx\private\render_context_vk.hpp">
      <Filter>gfx\private</Filter>
    </ClInclude>
    <ClInclude Include="include\sm\gfx\app.h">
      <Filter>gfx</Filter>
    </ClInclude>
    <ClInclude Include="include\sm\logger.h">
      <Filter>base</Filter>
    </ClInclude>
    <ClInclude Include="include\sm\scoped_timer.hpp">
      <Filter>base</Filter>
    </ClInclude>
    <ClInclude Include="include\sm\scoped_wait_timer.hpp">
      <Filter>base</Filter>
    </ClInclude>
    <ClInclude Include="include\sm\system_logger.hpp">
      <Filter>base</Filter>
    </ClInclude>
    <ClInclude Include="include\sm\command_queue.hpp">
      <Filter>base</Filter>
    </ClInclude>
    <ClInclude Include="include\sm\thread_context.hpp">
      <Filter>base</Filter>
    </ClInclude>
    <ClInclude Include="include\sm\macro_util.hpp">
      <Filter>base</Filter>
    </ClInclude>
  </ItemGroup>
</Project>